<?xml version="1.0" encoding="utf-8"?>
<Project ToolsVersion="4.0" xmlns="http://schemas.microsoft.com/developer/msbuild/2003">
  <ItemGroup>
    <Filter Include="Source Files">
      <UniqueIdentifier>{4FC737F1-C7A5-4376-A066-2A32D752A2FF}</UniqueIdentifier>
      <Extensions>cpp;c;cc;cxx;c++;cppm;ixx;def;odl;idl;hpj;bat;asm;asmx</Extensions>
    </Filter>
    <Filter Include="Header Files">
      <UniqueIdentifier>{93995380-89BD-4b04-88EB-625FBE52EBFB}</UniqueIdentifier>
      <Extensions>h;hh;hpp;hxx;h++;hm;inl;inc;ipp;xsd</Extensions>
    </Filter>
    <Filter Include="Resource Files">
      <UniqueIdentifier>{67DA6AB6-F800-4c08-8B7A-83BB121AAD01}</UniqueIdentifier>
      <Extensions>rc;ico;cur;bmp;dlg;rc2;rct;bin;rgs;gif;jpg;jpeg;jpe;resx;tiff;tif;png;wav;mfcribbon-ms</Extensions>
    </Filter>
    <Filter Include="Header Files\stb">
      <UniqueIdentifier>{e6586467-e0d0-49d8-9abb-d618b646fdfb}</UniqueIdentifier>
    </Filter>
    <Filter Include="Source Files\Win32">
      <UniqueIdentifier>{631a70b7-f989-4c8b-8dae-026011f9b4cd}</UniqueIdentifier>
    </Filter>
    <Filter Include="Source Files\stb">
      <UniqueIdentifier>{7881ebe6-fc97-436b-8a8c-333fa6239470}</UniqueIdentifier>
    </Filter>
  </ItemGroup>
  <ItemGroup>
    <ClInclude Include="inc\aligned_unique_ptr.hpp">
      <Filter>Header Files</Filter>
    </ClInclude>
    <ClInclude Include="inc\stb_easy_font.h">
      <Filter>Header Files\stb</Filter>
    </ClInclude>
    <ClInclude Include="inc\stb_image.h">
      <Filter>Header Files\stb</Filter>
    </ClInclude>
    <ClInclude Include="inc\stb_image_write.h">
      <Filter>Header Files\stb</Filter>
    </ClInclude>
    <ClInclude Include="inc\stb_truetype.h">
      <Filter>Header Files\stb</Filter>
    </ClInclude>
    <ClInclude Include="inc\Graphics\BlendMode.hpp">
      <Filter>Header Files</Filter>
    </ClInclude>
    <ClInclude Include="inc\Graphics\Color.hpp">
      <Filter>Header Files</Filter>
    </ClInclude>
    <ClInclude Include="inc\Graphics\Config.hpp">
      <Filter>Header Files</Filter>
    </ClInclude>
    <ClInclude Include="inc\Graphics\Enums.hpp">
      <Filter>Header Files</Filter>
    </ClInclude>
    <ClInclude Include="inc\Graphics\Events.hpp">
      <Filter>Header Files</Filter>
    </ClInclude>
    <ClInclude Include="inc\Graphics\File.hpp">
      <Filter>Header Files</Filter>
    </ClInclude>
    <ClInclude Include="inc\Graphics\Font.hpp">
      <Filter>Header Files</Filter>
    </ClInclude>
    <ClInclude Include="inc\Graphics\GamePad.hpp">
      <Filter>Header Files</Filter>
    </ClInclude>
    <ClInclude Include="inc\Graphics\GamePadState.hpp">
      <Filter>Header Files</Filter>
    </ClInclude>
    <ClInclude Include="inc\Graphics\GamePadStateTracker.hpp">
      <Filter>Header Files</Filter>
    </ClInclude>
    <ClInclude Include="inc\Graphics\Image.hpp">
      <Filter>Header Files</Filter>
    </ClInclude>
    <ClInclude Include="inc\Graphics\Input.hpp">
      <Filter>Header Files</Filter>
    </ClInclude>
    <ClInclude Include="inc\Graphics\Keyboard.hpp">
      <Filter>Header Files</Filter>
    </ClInclude>
    <ClInclude Include="inc\Graphics\KeyboardState.hpp">
      <Filter>Header Files</Filter>
    </ClInclude>
    <ClInclude Include="inc\Graphics\KeyboardStateTracker.hpp">
      <Filter>Header Files</Filter>
    </ClInclude>
    <ClInclude Include="inc\Graphics\KeyCodes.hpp">
      <Filter>Header Files</Filter>
    </ClInclude>
    <ClInclude Include="inc\Graphics\Mouse.hpp">
      <Filter>Header Files</Filter>
    </ClInclude>
    <ClInclude Include="inc\Graphics\MouseState.hpp">
      <Filter>Header Files</Filter>
    </ClInclude>
    <ClInclude Include="inc\Graphics\MouseStateTracker.hpp">
      <Filter>Header Files</Filter>
    </ClInclude>
    <ClInclude Include="inc\Graphics\ResourceManager.hpp">
      <Filter>Header Files</Filter>
    </ClInclude>
    <ClInclude Include="inc\Graphics\Sprite.hpp">
      <Filter>Header Files</Filter>
    </ClInclude>
    <ClInclude Include="inc\Graphics\SpriteAnim.hpp">
      <Filter>Header Files</Filter>
    </ClInclude>
    <ClInclude Include="inc\Graphics\SpriteSheet.hpp">
      <Filter>Header Files</Filter>
    </ClInclude>
    <ClInclude Include="inc\Graphics\TileMap.hpp">
      <Filter>Header Files</Filter>
    </ClInclude>
    <ClInclude Include="inc\Graphics\Timer.hpp">
      <Filter>Header Files</Filter>
    </ClInclude>
    <ClInclude Include="inc\Graphics\Vertex.hpp">
      <Filter>Header Files</Filter>
    </ClInclude>
    <ClInclude Include="inc\Graphics\Window.hpp">
      <Filter>Header Files</Filter>
    </ClInclude>
    <ClInclude Include="inc\Graphics\WindowHandle.hpp">
      <Filter>Header Files</Filter>
    </ClInclude>
    <ClInclude Include="inc\Graphics\WindowImpl.hpp">
      <Filter>Header Files</Filter>
    </ClInclude>
    <ClInclude Include="src\Win32\IncludeWin32.hpp">
      <Filter>Source Files\Win32</Filter>
    </ClInclude>
    <ClInclude Include="src\Win32\WindowWin32.hpp">
      <Filter>Source Files\Win32</Filter>
    </ClInclude>
  </ItemGroup>
  <ItemGroup>
    <ClCompile Include="src\BlendMode.cpp">
      <Filter>Source Files</Filter>
    </ClCompile>
    <ClCompile Include="src\Color.cpp">
      <Filter>Source Files</Filter>
    </ClCompile>
    <ClCompile Include="src\Font.cpp">
      <Filter>Source Files</Filter>
    </ClCompile>
    <ClCompile Include="src\GamePad.cpp">
      <Filter>Source Files</Filter>
    </ClCompile>
    <ClCompile Include="src\GamePadStateTracker.cpp">
      <Filter>Source Files</Filter>
    </ClCompile>
    <ClCompile Include="src\Image.cpp">
      <Filter>Source Files</Filter>
    </ClCompile>
    <ClCompile Include="src\Input.cpp">
      <Filter>Source Files</Filter>
    </ClCompile>
    <ClCompile Include="src\Keyboard.cpp">
      <Filter>Source Files</Filter>
    </ClCompile>
    <ClCompile Include="src\KeyboardState.cpp">
      <Filter>Source Files</Filter>
    </ClCompile>
    <ClCompile Include="src\KeyboardStateTracker.cpp">
      <Filter>Source Files</Filter>
    </ClCompile>
    <ClCompile Include="src\Mouse.cpp">
      <Filter>Source Files</Filter>
    </ClCompile>
    <ClCompile Include="src\ResourceManager.cpp">
      <Filter>Source Files</Filter>
    </ClCompile>
    <ClCompile Include="src\SpriteAnim.cpp">
      <Filter>Source Files</Filter>
    </ClCompile>
    <ClCompile Include="src\SpriteSheet.cpp">
      <Filter>Source Files</Filter>
    </ClCompile>
    <ClCompile Include="src\TileMap.cpp">
      <Filter>Source Files</Filter>
    </ClCompile>
    <ClCompile Include="src\Timer.cpp">
      <Filter>Source Files</Filter>
    </ClCompile>
    <ClCompile Include="src\Window.cpp">
      <Filter>Source Files</Filter>
    </ClCompile>
    <ClCompile Include="src\stb_image.cpp">
      <Filter>Source Files\stb</Filter>
    </ClCompile>
    <ClCompile Include="src\stb_image_write.cpp">
      <Filter>Source Files\stb</Filter>
    </ClCompile>
    <ClCompile Include="src\stb_truetype.cpp">
      <Filter>Source Files\stb</Filter>
    </ClCompile>
    <ClCompile Include="src\Win32\GamepadXInput.cpp">
      <Filter>Source Files\Win32</Filter>
    </ClCompile>
    <ClCompile Include="src\Win32\KeyboardWin32.cpp">
      <Filter>Source Files\Win32</Filter>
    </ClCompile>
    <ClCompile Include="src\Win32\MouseWin32.cpp">
      <Filter>Source Files\Win32</Filter>
    </ClCompile>
    <ClCompile Include="src\Win32\WindowWin32.cpp">
      <Filter>Source Files\Win32</Filter>
    </ClCompile>
  </ItemGroup>
  <ItemGroup>
    <None Include="src\FragmentShader.glsl" />
    <None Include="src\VertexShader.glsl" />
  </ItemGroup>
</Project>